
Microsoft Visual Studio Solution File, Format Version 12.00
# Visual Studio Version 16
VisualStudioVersion = 16.0.29609.76
MinimumVisualStudioVersion = 10.0.40219.1
Project("{FAE04EC0-301F-11D3-BF4B-00C04F79EFBC}") = "CodingProblems", "CodingProblems\CodingProblems.csproj", "{12493CB0-CEE9-4BA8-AD52-80498DF3704E}"
EndProject
Project("{FAE04EC0-301F-11D3-BF4B-00C04F79EFBC}") = "CodingProblems.Tests", "CodingProblems.Tests\CodingProblems.Tests.csproj", "{2D3E8C65-979F-4F51-AF46-67B9B18F5719}"
EndProject
Global
	GlobalSection(SolutionConfigurationPlatforms) = preSolution
		Debug|Any CPU = Debug|Any CPU
		Release|Any CPU = Release|Any CPU
	EndGlobalSection
	GlobalSection(ProjectConfigurationPlatforms) = postSolution
		{12493CB0-CEE9-4BA8-AD52-80498DF3704E}.Debug|Any CPU.ActiveCfg = Debug|Any CPU
		{12493CB0-CEE9-4BA8-AD52-80498DF3704E}.Debug|Any CPU.Build.0 = Debug|Any CPU
		{12493CB0-CEE9-4BA8-AD52-80498DF3704E}.Release|Any CPU.ActiveCfg = Release|Any CPU
		{12493CB0-CEE9-4BA8-AD52-80498DF3704E}.Release|Any CPU.Build.0 = Release|Any CPU
		{2D3E8C65-979F-4F51-AF46-67B9B18F5719}.Debug|Any CPU.ActiveCfg = Debug|Any CPU
		{2D3E8C65-979F-4F51-AF46-67B9B18F5719}.Debug|Any CPU.Build.0 = Debug|Any CPU
		{2D3E8C65-979F-4F51-AF46-67B9B18F5719}.Release|Any CPU.ActiveCfg = Release|Any CPU
		{2D3E8C65-979F-4F51-AF46-67B9B18F5719}.Release|Any CPU.Build.0 = Release|Any CPU
	EndGlobalSection
	GlobalSection(SolutionProperties) = preSolution
		HideSolutionNode = FALSE
	EndGlobalSection
	GlobalSection(ExtensibilityGlobals) = postSolution
		SolutionGuid = {B1C1686B-D869-493A-BFEE-7C4D5D23FF93}
	EndGlobalSection
EndGlobal
